{
  "name": "inglish",
  "version": "1.0.0",
  "lockfileVersion": 2,
  "requires": true,
  "packages": {
    "": {
      "name": "inglish",
      "version": "1.0.0",
      "license": "ISC",
      "dependencies": {
        "fastest-levenshtein": "^1.0.16",
        "n-readlines": "^1.0.1"
      }
    },
    "node_modules/fastest-levenshtein": {
      "version": "1.0.16",
      "resolved": "https://registry.npmjs.org/fastest-levenshtein/-/fastest-levenshtein-1.0.16.tgz",
      "integrity": "sha512-eRnCtTTtGZFpQCwhJiUOuxPQWRXVKYDn0b2PeHfXL6/Zi53SLAzAHfVhVWK2AryC/WH05kGfxhFIPvTF0SXQzg==",
      "engines": {
        "node": ">= 4.9.1"
      }
    },
    "node_modules/n-readlines": {
      "version": "1.0.1",
      "resolved": "https://registry.npmjs.org/n-readlines/-/n-readlines-1.0.1.tgz",
      "integrity": "sha512-z4SyAIVgMy7CkgsoNw7YVz40v0g4+WWvvqy8+ZdHrCtgevcEO758WQyrYcw3XPxcLxF+//RszTz/rO48nzD0wQ==",
      "engines": {
        "node": ">=6.x.x"
      }
    }
  },
  "dependencies": {
    "fastest-levenshtein": {
      "version": "1.0.16",
      "resolved": "https://registry.npmjs.org/fastest-levenshtein/-/fastest-levenshtein-1.0.16.tgz",
      "integrity": "sha512-eRnCtTTtGZFpQCwhJiUOuxPQWRXVKYDn0b2PeHfXL6/Zi53SLAzAHfVhVWK2AryC/WH05kGfxhFIPvTF0SXQzg=="
    },
    "n-readlines": {
      "version": "1.0.1",
      "resolved": "https://registry.npmjs.org/n-readlines/-/n-readlines-1.0.1.tgz",
      "integrity": "sha512-z4SyAIVgMy7CkgsoNw7YVz40v0g4+WWvvqy8+ZdHrCtgevcEO758WQyrYcw3XPxcLxF+//RszTz/rO48nzD0wQ=="
    }
  }
}
